
Microsoft Visual Studio Solution File, Format Version 12.00
# Visual Studio Version 17
VisualStudioVersion = 17.2.32630.192
MinimumVisualStudioVersion = 10.0.40219.1
Project("{FAE04EC0-301F-11D3-BF4B-00C04F79EFBC}") = "QLSK", "QLSK\QLSK.csproj", "{3E897B73-9C2D-41E3-B144-6BC44720678D}"
EndProject
Global
	GlobalSection(SolutionConfigurationPlatforms) = preSolution
		Debug|Any CPU = Debug|Any CPU
		Release|Any CPU = Release|Any CPU
	EndGlobalSection
	GlobalSection(ProjectConfigurationPlatforms) = postSolution
		{3E897B73-9C2D-41E3-B144-6BC44720678D}.Debug|Any CPU.ActiveCfg = Debug|Any CPU
		{3E897B73-9C2D-41E3-B144-6BC44720678D}.Debug|Any CPU.Build.0 = Debug|Any CPU
		{3E897B73-9C2D-41E3-B144-6BC44720678D}.Release|Any CPU.ActiveCfg = Release|Any CPU
		{3E897B73-9C2D-41E3-B144-6BC44720678D}.Release|Any CPU.Build.0 = Release|Any CPU
	EndGlobalSection
	GlobalSection(SolutionProperties) = preSolution
		HideSolutionNode = FALSE
	EndGlobalSection
	GlobalSection(ExtensibilityGlobals) = postSolution
		SolutionGuid = {6E0744AE-3DEE-4054-86F3-056F874D3567}
	EndGlobalSection
EndGlobal
